<?xml version="1.0" encoding="UTF-8" standalone="yes" ?>
<CodeBlocks_project_file>
	<FileVersion major="1" minor="6" />
	<Project>
		<Option title="main" />
		<Option pch_mode="2" />
		<Option compiler="gcc" />
		<Build>
			<Target title="Debug">
				<Option output="bin/Debug/main" prefix_auto="1" extension_auto="1" />
				<Option object_output="obj/Debug/" />
				<Option type="1" />
				<Option compiler="gcc" />
				<Compiler>
					<Add option="-g" />
					<Add directory="include" />
				</Compiler>
			</Target>
			<Target title="Release">
				<Option output="bin/Release/main" prefix_auto="1" extension_auto="1" />
				<Option object_output="obj/Release/" />
				<Option type="1" />
				<Option compiler="gcc" />
				<Compiler>
					<Add option="-O2" />
					<Add directory="include" />
				</Compiler>
				<Linker>
					<Add option="-s" />
				</Linker>
			</Target>
		</Build>
		<Compiler>
			<Add option="-Wall" />
			<Add option="-fexceptions" />
		</Compiler>
		<Unit filename="include/Integer.h" />
		<Unit filename="include/Polygon.h" />
		<Unit filename="include/Rectangle.h" />
		<Unit filename="include/Triangle.h" />
		<Unit filename="include/lecture4.h" />
		<Unit filename="include/lecture5.h" />
		<Unit filename="include/lecture6.h" />
		<Unit filename="include/lecture9.h" />
		<Unit filename="main.cpp" />
		<Unit filename="src/Integer.cpp" />
		<Unit filename="src/Polygon.cpp" />
		<Unit filename="src/Rectangle.cpp" />
		<Unit filename="src/Triangle.cpp" />
		<Unit filename="src/lecture4.cpp" />
		<Unit filename="src/lecture5.cpp" />
		<Unit filename="src/lecture6.cpp" />
		<Unit filename="src/lecture9.cpp" />
		<Extensions>
			<envvars />
			<code_completion />
			<lib_finder disable_auto="1" />
			<debugger />
		</Extensions>
	</Project>
</CodeBlocks_project_file>
